// !$*UTF8*$!
{
	archiveVersion = 1;
	classes = {
	};
	objectVersion = 46;
	objects = {

/* Begin PBXBuildFile section */
		2C26502918EE8EE700291760 /* Foundation.framework in Frameworks */ = {isa = PBXBuildFile; fileRef = 2C26502818EE8EE700291760 /* Foundation.framework */; };
		2C26502B18EE8EE700291760 /* CoreGraphics.framework in Frameworks */ = {isa = PBXBuildFile; fileRef = 2C26502A18EE8EE700291760 /* CoreGraphics.framework */; };
		2C26502D18EE8EE700291760 /* UIKit.framework in Frameworks */ = {isa = PBXBuildFile; fileRef = 2C26502C18EE8EE700291760 /* UIKit.framework */; };
		2C26503318EE8EE700291760 /* InfoPlist.strings in Resources */ = {isa = PBXBuildFile; fileRef = 2C26503118EE8EE700291760 /* InfoPlist.strings */; };
		2C26503518EE8EE700291760 /* main.m in Sources */ = {isa = PBXBuildFile; fileRef = 2C26503418EE8EE700291760 /* main.m */; };
		2C26503918EE8EE700291760 /* AppDelegate.m in Sources */ = {isa = PBXBuildFile; fileRef = 2C26503818EE8EE700291760 /* AppDelegate.m */; };
		2C26503B18EE8EE700291760 /* Images.xcassets in Resources */ = {isa = PBXBuildFile; fileRef = 2C26503A18EE8EE700291760 /* Images.xcassets */; };
		2C26504218EE8EE700291760 /* XCTest.framework in Frameworks */ = {isa = PBXBuildFile; fileRef = 2C26504118EE8EE700291760 /* XCTest.framework */; };
		2C26504318EE8EE700291760 /* Foundation.framework in Frameworks */ = {isa = PBXBuildFile; fileRef = 2C26502818EE8EE700291760 /* Foundation.framework */; };
		2C26504418EE8EE700291760 /* UIKit.framework in Frameworks */ = {isa = PBXBuildFile; fileRef = 2C26502C18EE8EE700291760 /* UIKit.framework */; };
		2C26504C18EE8EE700291760 /* InfoPlist.strings in Resources */ = {isa = PBXBuildFile; fileRef = 2C26504A18EE8EE700291760 /* InfoPlist.strings */; };
		2C26504E18EE8EE700291760 /* GitDemoTests.m in Sources */ = {isa = PBXBuildFile; fileRef = 2C26504D18EE8EE700291760 /* GitDemoTests.m */; };
/* End PBXBuildFile section */

/* Begin PBXContainerItemProxy section */
		2C26504518EE8EE700291760 /* PBXContainerItemProxy */ = {
			isa = PBXContainerItemProxy;
			containerPortal = 2C26501D18EE8EE700291760 /* Project object */;
			proxyType = 1;
			remoteGlobalIDString = 2C26502418EE8EE700291760;
			remoteInfo = GitDemo;
		};
/* End PBXContainerItemProxy section */

/* Begin PBXFileReference section */
		2C26502518EE8EE700291760 /* GitDemo.app */ = {isa = PBXFileReference; explicitFileType = wrapper.application; includeInIndex = 0; path = GitDemo.app; sourceTree = BUILT_PRODUCTS_DIR; };
		2C26502818EE8EE700291760 /* Foundation.framework */ = {isa = PBXFileReference; lastKnownFileType = wrapper.framework; name = Foundation.framework; path = System/Library/Frameworks/Foundation.framework; sourceTree = SDKROOT; };
		2C26502A18EE8EE700291760 /* CoreGraphics.framework */ = {isa = PBXFileReference; lastKnownFileType = wrapper.framework; name = CoreGraphics.framework; path = System/Library/Frameworks/CoreGraphics.framework; sourceTree = SDKROOT; };
		2C26502C18EE8EE700291760 /* UIKit.framework */ = {isa = PBXFileReference; lastKnownFileType = wrapper.framework; name = UIKit.framework; path = System/Library/Frameworks/UIKit.framework; sourceTree = SDKROOT; };
		2C26503018EE8EE700291760 /* GitDemo-Info.plist */ = {isa = PBXFileReference; lastKnownFileType = text.plist.xml; path = "GitDemo-Info.plist"; sourceTree = "<group>"; };
		2C26503218EE8EE700291760 /* en */ = {isa = PBXFileReference; lastKnownFileType = text.plist.strings; name = en; path = en.lproj/InfoPlist.strings; sourceTree = "<group>"; };
		2C26503418EE8EE700291760 /* main.m */ = {isa = PBXFileReference; lastKnownFileType = sourcecode.c.objc; path = main.m; sourceTree = "<group>"; };
		2C26503618EE8EE700291760 /* GitDemo-Prefix.pch */ = {isa = PBXFileReference; lastKnownFileType = sourcecode.c.h; path = "GitDemo-Prefix.pch"; sourceTree = "<group>"; };
		2C26503718EE8EE700291760 /* AppDelegate.h */ = {isa = PBXFileReference; lastKnownFileType = sourcecode.c.h; path = AppDelegate.h; sourceTree = "<group>"; };
		2C26503818EE8EE700291760 /* AppDelegate.m */ = {isa = PBXFileReference; lastKnownFileType = sourcecode.c.objc; path = AppDelegate.m; sourceTree = "<group>"; };
		2C26503A18EE8EE700291760 /* Images.xcassets */ = {isa = PBXFileReference; lastKnownFileType = folder.assetcatalog; path = Images.xcassets; sourceTree = "<group>"; };
		2C26504018EE8EE700291760 /* GitDemoTests.xctest */ = {isa = PBXFileReference; explicitFileType = wrapper.cfbundle; includeInIndex = 0; path = GitDemoTests.xctest; sourceTree = BUILT_PRODUCTS_DIR; };
		2C26504118EE8EE700291760 /* XCTest.framework */ = {isa = PBXFileReference; lastKnownFileType = wrapper.framework; name = XCTest.framework; path = Library/Frameworks/XCTest.framework; sourceTree = DEVELOPER_DIR; };
		2C26504918EE8EE700291760 /* GitDemoTests-Info.plist */ = {isa = PBXFileReference; lastKnownFileType = text.plist.xml; path = "GitDemoTests-Info.plist"; sourceTree = "<group>"; };
		2C26504B18EE8EE700291760 /* en */ = {isa = PBXFileReference; lastKnownFileType = text.plist.strings; name = en; path = en.lproj/InfoPlist.strings; sourceTree = "<group>"; };
		2C26504D18EE8EE700291760 /* GitDemoTests.m */ = {isa = PBXFileReference; lastKnownFileType = sourcecode.c.objc; path = GitDemoTests.m; sourceTree = "<group>"; };
/* End PBXFileReference section */

/* Begin PBXFrameworksBuildPhase section */
		2C26502218EE8EE700291760 /* Frameworks */ = {
			isa = PBXFrameworksBuildPhase;
			buildActionMask = 2147483647;
			files = (
				2C26502B18EE8EE700291760 /* CoreGraphics.framework in Frameworks */,
				2C26502D18EE8EE700291760 /* UIKit.framework in Frameworks */,
				2C26502918EE8EE700291760 /* Foundation.framework in Frameworks */,
			);
			runOnlyForDeploymentPostprocessing = 0;
		};
		2C26503D18EE8EE700291760 /* Frameworks */ = {
			isa = PBXFrameworksBuildPhase;
			buildActionMask = 2147483647;
			files = (
				2C26504218EE8EE700291760 /* XCTest.framework in Frameworks */,
				2C26504418EE8EE700291760 /* UIKit.framework in Frameworks */,
				2C26504318EE8EE700291760 /* Foundation.framework in Frameworks */,
			);
			runOnlyForDeploymentPostprocessing = 0;
		};
/* End PBXFrameworksBuildPhase section */

/* Begin PBXGroup section */
		2C26501C18EE8EE700291760 = {
			isa = PBXGroup;
			children = (
				2C26502E18EE8EE700291760 /* GitDemo */,
				2C26504718EE8EE700291760 /* GitDemoTests */,
				2C26502718EE8EE700291760 /* Frameworks */,
				2C26502618EE8EE700291760 /* Products */,
			);
			sourceTree = "<group>";
		};
		2C26502618EE8EE700291760 /* Products */ = {
			isa = PBXGroup;
			children = (
				2C26502518EE8EE700291760 /* GitDemo.app */,
				2C26504018EE8EE700291760 /* GitDemoTests.xctest */,
			);
			name = Products;
			sourceTree = "<group>";
		};
		2C26502718EE8EE700291760 /* Frameworks */ = {
			isa = PBXGroup;
			children = (
				2C26502818EE8EE700291760 /* Foundation.framework */,
				2C26502A18EE8EE700291760 /* CoreGraphics.framework */,
				2C26502C18EE8EE700291760 /* UIKit.framework */,
				2C26504118EE8EE700291760 /* XCTest.framework */,
			);
			name = Frameworks;
			sourceTree = "<group>";
		};
		2C26502E18EE8EE700291760 /* GitDemo */ = {
			isa = PBXGroup;
			children = (
				2C26503718EE8EE700291760 /* AppDelegate.h */,
				2C26503818EE8EE700291760 /* AppDelegate.m */,
				2C26503A18EE8EE700291760 /* Images.xcassets */,
				2C26502F18EE8EE700291760 /* Supporting Files */,
			);
			path = GitDemo;
			sourceTree = "<group>";
		};
		2C26502F18EE8EE700291760 /* Supporting Files */ = {
			isa = PBXGroup;
			children = (
				2C26503018EE8EE700291760 /* GitDemo-Info.plist */,
				2C26503118EE8EE700291760 /* InfoPlist.strings */,
				2C26503418EE8EE700291760 /* main.m */,
				2C26503618EE8EE700291760 /* GitDemo-Prefix.pch */,
			);
			name = "Supporting Files";
			sourceTree = "<group>";
		};
		2C26504718EE8EE700291760 /* GitDemoTests */ = {
			isa = PBXGroup;
			children = (
				2C26504D18EE8EE700291760 /* GitDemoTests.m */,
				2C26504818EE8EE700291760 /* Supporting Files */,
			);
			path = GitDemoTests;
			sourceTree = "<group>";
		};
		2C26504818EE8EE700291760 /* Supporting Files */ = {
			isa = PBXGroup;
			children = (
				2C26504918EE8EE700291760 /* GitDemoTests-Info.plist */,
				2C26504A18EE8EE700291760 /* InfoPlist.strings */,
			);
			name = "Supporting Files";
			sourceTree = "<group>";
		};
/* End PBXGroup section */

/* Begin PBXNativeTarget section */
		2C26502418EE8EE700291760 /* GitDemo */ = {
			isa = PBXNativeTarget;
			buildConfigurationList = 2C26505118EE8EE700291760 /* Build configuration list for PBXNativeTarget "GitDemo" */;
			buildPhases = (
				2C26502118EE8EE700291760 /* Sources */,
				2C26502218EE8EE700291760 /* Frameworks */,
				2C26502318EE8EE700291760 /* Resources */,
			);
			buildRules = (
			);
			dependencies = (
			);
			name = GitDemo;
			productName = GitDemo;
			productReference = 2C26502518EE8EE700291760 /* GitDemo.app */;
			productType = "com.apple.product-type.application";
		};
		2C26503F18EE8EE700291760 /* GitDemoTests */ = {
			isa = PBXNativeTarget;
			buildConfigurationList = 2C26505418EE8EE700291760 /* Build configuration list for PBXNativeTarget "GitDemoTests" */;
			buildPhases = (
				2C26503C18EE8EE700291760 /* Sources */,
				2C26503D18EE8EE700291760 /* Frameworks */,
				2C26503E18EE8EE700291760 /* Resources */,
			);
			buildRules = (
			);
			dependencies = (
				2C26504618EE8EE700291760 /* PBXTargetDependency */,
			);
			name = GitDemoTests;
			productName = GitDemoTests;
			productReference = 2C26504018EE8EE700291760 /* GitDemoTests.xctest */;
			productType = "com.apple.product-type.bundle.unit-test";
		};
/* End PBXNativeTarget section */

/* Begin PBXProject section */
		2C26501D18EE8EE700291760 /* Project object */ = {
			isa = PBXProject;
			attributes = {
				LastUpgradeCheck = 0510;
				ORGANIZATIONNAME = devwu.com;
				TargetAttributes = {
					2C26503F18EE8EE700291760 = {
						TestTargetID = 2C26502418EE8EE700291760;
					};
				};
			};
			buildConfigurationList = 2C26502018EE8EE700291760 /* Build configuration list for PBXProject "GitDemo" */;
			compatibilityVersion = "Xcode 3.2";
			developmentRegion = English;
			hasScannedForEncodings = 0;
			knownRegions = (
				en,
			);
			mainGroup = 2C26501C18EE8EE700291760;
			productRefGroup = 2C26502618EE8EE700291760 /* Products */;
			projectDirPath = "";
			projectRoot = "";
			targets = (
				2C26502418EE8EE700291760 /* GitDemo */,
				2C26503F18EE8EE700291760 /* GitDemoTests */,
			);
		};
/* End PBXProject section */

/* Begin PBXResourcesBuildPhase section */
		2C26502318EE8EE700291760 /* Resources */ = {
			isa = PBXResourcesBuildPhase;
			buildActionMask = 2147483647;
			files = (
				2C26503318EE8EE700291760 /* InfoPlist.strings in Resources */,
				2C26503B18EE8EE700291760 /* Images.xcassets in Resources */,
			);
			runOnlyForDeploymentPostprocessing = 0;
		};
		2C26503E18EE8EE700291760 /* Resources */ = {
			isa = PBXResourcesBuildPhase;
			buildActionMask = 2147483647;
			files = (
				2C26504C18EE8EE700291760 /* InfoPlist.strings in Resources */,
			);
			runOnlyForDeploymentPostprocessing = 0;
		};
/* End PBXResourcesBuildPhase section */

/* Begin PBXSourcesBuildPhase section */
		2C26502118EE8EE700291760 /* Sources */ = {
			isa = PBXSourcesBuildPhase;
			buildActionMask = 2147483647;
			files = (
				2C26503918EE8EE700291760 /* AppDelegate.m in Sources */,
				2C26503518EE8EE700291760 /* main.m in Sources */,
			);
			runOnlyForDeploymentPostprocessing = 0;
		};
		2C26503C18EE8EE700291760 /* Sources */ = {
			isa = PBXSourcesBuildPhase;
			buildActionMask = 2147483647;
			files = (
				2C26504E18EE8EE700291760 /* GitDemoTests.m in Sources */,
			);
			runOnlyForDeploymentPostprocessing = 0;
		};
/* End PBXSourcesBuildPhase section */

/* Begin PBXTargetDependency section */
		2C26504618EE8EE700291760 /* PBXTargetDependency */ = {
			isa = PBXTargetDependency;
			target = 2C26502418EE8EE700291760 /* GitDemo */;
			targetProxy = 2C26504518EE8EE700291760 /* PBXContainerItemProxy */;
		};
/* End PBXTargetDependency section */

/* Begin PBXVariantGroup section */
		2C26503118EE8EE700291760 /* InfoPlist.strings */ = {
			isa = PBXVariantGroup;
			children = (
				2C26503218EE8EE700291760 /* en */,
			);
			name = InfoPlist.strings;
			sourceTree = "<group>";
		};
		2C26504A18EE8EE700291760 /* InfoPlist.strings */ = {
			isa = PBXVariantGroup;
			children = (
				2C26504B18EE8EE700291760 /* en */,
			);
			name = InfoPlist.strings;
			sourceTree = "<group>";
		};
/* End PBXVariantGroup section */

/* Begin XCBuildConfiguration section */
		2C26504F18EE8EE700291760 /* Debug */ = {
			isa = XCBuildConfiguration;
			buildSettings = {
				ALWAYS_SEARCH_USER_PATHS = NO;
				CLANG_CXX_LANGUAGE_STANDARD = "gnu++0x";
				CLANG_CXX_LIBRARY = "libc++";
				CLANG_ENABLE_MODULES = YES;
				CLANG_ENABLE_OBJC_ARC = YES;
				CLANG_WARN_BOOL_CONVERSION = YES;
				CLANG_WARN_CONSTANT_CONVERSION = YES;
				CLANG_WARN_DIRECT_OBJC_ISA_USAGE = YES_ERROR;
				CLANG_WARN_EMPTY_BODY = YES;
				CLANG_WARN_ENUM_CONVERSION = YES;
				CLANG_WARN_INT_CONVERSION = YES;
				CLANG_WARN_OBJC_ROOT_CLASS = YES_ERROR;
				CLANG_WARN__DUPLICATE_METHOD_MATCH = YES;
				"CODE_SIGN_IDENTITY[sdk=iphoneos*]" = "iPhone Developer";
				COPY_PHASE_STRIP = NO;
				GCC_C_LANGUAGE_STANDARD = gnu99;
				GCC_DYNAMIC_NO_PIC = NO;
				GCC_OPTIMIZATION_LEVEL = 0;
				GCC_PREPROCESSOR_DEFINITIONS = (
					"DEBUG=1",
					"$(inherited)",
				);
				GCC_SYMBOLS_PRIVATE_EXTERN = NO;
				GCC_WARN_64_TO_32_BIT_CONVERSION = YES;
				GCC_WARN_ABOUT_RETURN_TYPE = YES_ERROR;
				GCC_WARN_UNDECLARED_SELECTOR = YES;
				GCC_WARN_UNINITIALIZED_AUTOS = YES_AGGRESSIVE;
				GCC_WARN_UNUSED_FUNCTION = YES;
				GCC_WARN_UNUSED_VARIABLE = YES;
				IPHONEOS_DEPLOYMENT_TARGET = 7.1;
				ONLY_ACTIVE_ARCH = YES;
				SDKROOT = iphoneos;
			};
			name = Debug;
		};
		2C26505018EE8EE700291760 /* Release */ = {
			isa = XCBuildConfiguration;
			buildSettings = {
				ALWAYS_SEARCH_USER_PATHS = NO;
				CLANG_CXX_LANGUAGE_STANDARD = "gnu++0x";
				CLANG_CXX_LIBRARY = "libc++";
				CLANG_ENABLE_MODULES = YES;
				CLANG_ENABLE_OBJC_ARC = YES;
				CLANG_WARN_BOOL_CONVERSION = YES;
				CLANG_WARN_CONSTANT_CONVERSION = YES;
				CLANG_WARN_DIRECT_OBJC_ISA_USAGE = YES_ERROR;
				CLANG_WARN_EMPTY_BODY = YES;
				CLANG_WARN_ENUM_CONVERSION = YES;
				CLANG_WARN_INT_CONVERSION = YES;
				CLANG_WARN_OBJC_ROOT_CLASS = YES_ERROR;
				CLANG_WARN__DUPLICATE_METHOD_MATCH = YES;
				"CODE_SIGN_IDENTITY[sdk=iphoneos*]" = "iPhone Developer";
				COPY_PHASE_STRIP = YES;
				ENABLE_NS_ASSERTIONS = NO;
				GCC_C_LANGUAGE_STANDARD = gnu99;
				GCC_WARN_64_TO_32_BIT_CONVERSION = YES;
				GCC_WARN_ABOUT_RETURN_TYPE = YES_ERROR;
				GCC_WARN_UNDECLARED_SELECTOR = YES;
				GCC_WARN_UNINITIALIZED_AUTOS = YES_AGGRESSIVE;
				GCC_WARN_UNUSED_FUNCTION = YES;
				GCC_WARN_UNUSED_VARIABLE = YES;
				IPHONEOS_DEPLOYMENT_TARGET = 7.1;
				SDKROOT = iphoneos;
				VALIDATE_PRODUCT = YES;
			};
			name = Release;
		};
		2C26505218EE8EE700291760 /* Debug */ = {
			isa = XCBuildConfiguration;
			buildSettings = {
				ASSETCATALOG_COMPILER_APPICON_NAME = AppIcon;
				ASSETCATALOG_COMPILER_LAUNCHIMAGE_NAME = LaunchImage;
				GCC_PRECOMPILE_PREFIX_HEADER = YES;
				GCC_PREFIX_HEADER = "GitDemo/GitDemo-Prefix.pch";
				INFOPLIST_FILE = "GitDemo/GitDemo-Info.plist";
				PRODUCT_NAME = "$(TARGET_NAME)";
				WRAPPER_EXTENSION = app;
			};
			name = Debug;
		};
		2C26505318EE8EE700291760 /* Release */ = {
			isa = XCBuildConfiguration;
			buildSettings = {
				ASSETCATALOG_COMPILER_APPICON_NAME = AppIcon;
				ASSETCATALOG_COMPILER_LAUNCHIMAGE_NAME = LaunchImage;
				GCC_PRECOMPILE_PREFIX_HEADER = YES;
				GCC_PREFIX_HEADER = "GitDemo/GitDemo-Prefix.pch";
				INFOPLIST_FILE = "GitDemo/GitDemo-Info.plist";
				PRODUCT_NAME = "$(TARGET_NAME)";
				WRAPPER_EXTENSION = app;
			};
			name = Release;
		};
		2C26505518EE8EE700291760 /* Debug */ = {
			isa = XCBuildConfiguration;
			buildSettings = {
				BUNDLE_LOADER = "$(BUILT_PRODUCTS_DIR)/GitDemo.app/GitDemo";
				FRAMEWORK_SEARCH_PATHS = (
					"$(SDKROOT)/Developer/Library/Frameworks",
					"$(inherited)",
					"$(DEVELOPER_FRAMEWORKS_DIR)",
				);
				GCC_PRECOMPILE_PREFIX_HEADER = YES;
				GCC_PREFIX_HEADER = "GitDemo/GitDemo-Prefix.pch";
				GCC_PREPROCESSOR_DEFINITIONS = (
					"DEBUG=1",
					"$(inherited)",
				);
				INFOPLIST_FILE = "GitDemoTests/GitDemoTests-Info.plist";
				PRODUCT_NAME = "$(TARGET_NAME)";
				TEST_HOST = "$(BUNDLE_LOADER)";
				WRAPPER_EXTENSION = xctest;
			};
			name = Debug;
		};
		2C26505618EE8EE700291760 /* Release */ = {
			isa = XCBuildConfiguration;
			buildSettings = {
				BUNDLE_LOADER = "$(BUILT_PRODUCTS_DIR)/GitDemo.app/GitDemo";
				FRAMEWORK_SEARCH_PATHS = (
					"$(SDKROOT)/Developer/Library/Frameworks",
					"$(inherited)",
					"$(DEVELOPER_FRAMEWORKS_DIR)",
				);
				GCC_PRECOMPILE_PREFIX_HEADER = YES;
				GCC_PREFIX_HEADER = "GitDemo/GitDemo-Prefix.pch";
				INFOPLIST_FILE = "GitDemoTests/GitDemoTests-Info.plist";
				PRODUCT_NAME = "$(TARGET_NAME)";
				TEST_HOST = "$(BUNDLE_LOADER)";
				WRAPPER_EXTENSION = xctest;
			};
			name = Release;
		};
/* End XCBuildConfiguration section */

/* Begin XCConfigurationList section */
		2C26502018EE8EE700291760 /* Build configuration list for PBXProject "GitDemo" */ = {
			isa = XCConfigurationList;
			buildConfigurations = (
				2C26504F18EE8EE700291760 /* Debug */,
				2C26505018EE8EE700291760 /* Release */,
			);
			defaultConfigurationIsVisible = 0;
			defaultConfigurationName = Release;
		};
		2C26505118EE8EE700291760 /* Build configuration list for PBXNativeTarget "GitDemo" */ = {
			isa = XCConfigurationList;
			buildConfigurations = (
				2C26505218EE8EE700291760 /* Debug */,
				2C26505318EE8EE700291760 /* Release */,
			);
			defaultConfigurationIsVisible = 0;
		};
		2C26505418EE8EE700291760 /* Build configuration list for PBXNativeTarget "GitDemoTests" */ = {
			isa = XCConfigurationList;
			buildConfigurations = (
				2C26505518EE8EE700291760 /* Debug */,
				2C26505618EE8EE700291760 /* Release */,
			);
			defaultConfigurationIsVisible = 0;
		};
/* End XCConfigurationList section */
	};
	rootObject = 2C26501D18EE8EE700291760 /* Project object */;
}
